# THIS IS AN AUTOGENERATED FILE. DO NOT EDIT THIS FILE DIRECTLY.
# yarn lockfile v1


artificialintelligence@^0.0.1:
  version "0.0.1"
  resolved "https://registry.yarnpkg.com/artificialintelligence/-/artificialintelligence-0.0.1.tgz#2d038db839e60c0ad11596cf015cc900a3162f2e"
  integrity sha512-JYREZpCzyGN3FBuYE1bPueW2olPRqZ5IiBuCojIAFBH5y4YSS8i3bV4V/p3KpcMB0/vvwMd74PxQWJVlKiP+7A==
